github.com/go-pay/bm v0.0.5 h1:ZAg6j1Wagc8JZ88ja7VgEF/g+kKOFzLRNc43bm0ivZc=
github.com/go-pay/bm v0.0.5/go.mod h1:S7ZAxWtyjm7PX54cna4N/RzJ1JAZG8EDukZ2fZaZ+qk=
github.com/go-pay/xlog v0.0.3 h1:avyMhCL/JgBHreoGx/am/kHxfs1udDOAeVqbmzP/Yes=
github.com/go-pay/xlog v0.0.3/go.mod h1:mH47xbobrdsSHWsmFtSF5agWbMHFP+tK0ZbVCk5OAEw=
